
Microsoft Visual Studio Solution File, Format Version 12.00
# Visual Studio Version 16
VisualStudioVersion = 16.0.29613.14
MinimumVisualStudioVersion = 10.0.40219.1
Project("{FAE04EC0-301F-11D3-BF4B-00C04F79EFBC}") = "TechGentle.BookStoreCore", "TechGentle.BookStoreCore\TechGentle.BookStoreCore.csproj", "{30F94306-E865-40B9-BF6C-A3C50A08E5EC}"
EndProject
Global
	GlobalSection(SolutionConfigurationPlatforms) = preSolution
		Debug|Any CPU = Debug|Any CPU
		Release|Any CPU = Release|Any CPU
	EndGlobalSection
	GlobalSection(ProjectConfigurationPlatforms) = postSolution
		{30F94306-E865-40B9-BF6C-A3C50A08E5EC}.Debug|Any CPU.ActiveCfg = Debug|Any CPU
		{30F94306-E865-40B9-BF6C-A3C50A08E5EC}.Debug|Any CPU.Build.0 = Debug|Any CPU
		{30F94306-E865-40B9-BF6C-A3C50A08E5EC}.Release|Any CPU.ActiveCfg = Release|Any CPU
		{30F94306-E865-40B9-BF6C-A3C50A08E5EC}.Release|Any CPU.Build.0 = Release|Any CPU
	EndGlobalSection
	GlobalSection(SolutionProperties) = preSolution
		HideSolutionNode = FALSE
	EndGlobalSection
	GlobalSection(ExtensibilityGlobals) = postSolution
		SolutionGuid = {F2A7290C-0C4F-414B-93F8-4306E4D0EA8B}
	EndGlobalSection
EndGlobal
